
Microsoft Visual Studio Solution File, Format Version 12.00
Project("{FAE04EC0-301F-11D3-BF4B-00C04F79EFBC}") = "DSA", "DSA\DSA.csproj", "{FAB5CCFC-6E64-4BFD-BB9C-A8153EED3394}"
EndProject
Project("{FAE04EC0-301F-11D3-BF4B-00C04F79EFBC}") = "LCTests", "LCTests\LCTests.csproj", "{AB01398D-0C51-4311-A5AA-88AAB9D52DEE}"
EndProject
Global
	GlobalSection(SolutionConfigurationPlatforms) = preSolution
		Debug|Any CPU = Debug|Any CPU
		Release|Any CPU = Release|Any CPU
	EndGlobalSection
	GlobalSection(ProjectConfigurationPlatforms) = postSolution
		{FAB5CCFC-6E64-4BFD-BB9C-A8153EED3394}.Debug|Any CPU.ActiveCfg = Debug|Any CPU
		{FAB5CCFC-6E64-4BFD-BB9C-A8153EED3394}.Debug|Any CPU.Build.0 = Debug|Any CPU
		{FAB5CCFC-6E64-4BFD-BB9C-A8153EED3394}.Release|Any CPU.ActiveCfg = Release|Any CPU
		{FAB5CCFC-6E64-4BFD-BB9C-A8153EED3394}.Release|Any CPU.Build.0 = Release|Any CPU
		{AB01398D-0C51-4311-A5AA-88AAB9D52DEE}.Debug|Any CPU.ActiveCfg = Debug|Any CPU
		{AB01398D-0C51-4311-A5AA-88AAB9D52DEE}.Debug|Any CPU.Build.0 = Debug|Any CPU
		{AB01398D-0C51-4311-A5AA-88AAB9D52DEE}.Release|Any CPU.ActiveCfg = Release|Any CPU
		{AB01398D-0C51-4311-A5AA-88AAB9D52DEE}.Release|Any CPU.Build.0 = Release|Any CPU
	EndGlobalSection
EndGlobal
