<?xml version="1.0" encoding="utf-8"?>
<Project ToolsVersion="4.0" xmlns="http://schemas.microsoft.com/developer/msbuild/2003">
  <ItemGroup>
    <Filter Include="Source Files">
      <UniqueIdentifier>{4FC737F1-C7A5-4376-A066-2A32D752A2FF}</UniqueIdentifier>
      <Extensions>cpp;c;cc;cxx;c++;cppm;ixx;def;odl;idl;hpj;bat;asm;asmx</Extensions>
    </Filter>
    <Filter Include="Header Files">
      <UniqueIdentifier>{93995380-89BD-4b04-88EB-625FBE52EBFB}</UniqueIdentifier>
      <Extensions>h;hh;hpp;hxx;h++;hm;inl;inc;ipp;xsd</Extensions>
    </Filter>
    <Filter Include="Resource Files">
      <UniqueIdentifier>{67DA6AB6-F800-4c08-8B7A-83BB121AAD01}</UniqueIdentifier>
      <Extensions>rc;ico;cur;bmp;dlg;rc2;rct;bin;rgs;gif;jpg;jpeg;jpe;resx;tiff;tif;png;wav;mfcribbon-ms</Extensions>
    </Filter>
    <Filter Include="Source Files\Tuts">
      <UniqueIdentifier>{fada6464-76ee-4915-b5ff-43c2a5a6a386}</UniqueIdentifier>
    </Filter>
    <Filter Include="Source Files\Tuts\Oop">
      <UniqueIdentifier>{bb2626d4-9d24-45ea-9d69-6f2b4eb26ac5}</UniqueIdentifier>
    </Filter>
    <Filter Include="Source Files\LeetCode">
      <UniqueIdentifier>{8743f58e-1eb6-49d9-97a5-5944f463da59}</UniqueIdentifier>
    </Filter>
  </ItemGroup>
  <ItemGroup>
    <ClCompile Include="User.cpp">
      <Filter>Source Files\Tuts\Oop</Filter>
    </ClCompile>
    <ClCompile Include="Phone.cpp">
      <Filter>Source Files\Tuts\Oop</Filter>
    </ClCompile>
    <ClCompile Include="Rectangle.cpp">
      <Filter>Source Files\Tuts\Oop</Filter>
    </ClCompile>
    <ClCompile Include="OOP.cpp">
      <Filter>Source Files\Tuts</Filter>
    </ClCompile>
    <ClCompile Include="CPP.cpp">
      <Filter>Source Files\Tuts</Filter>
    </ClCompile>
    <ClCompile Include="main.cpp">
      <Filter>Source Files</Filter>
    </ClCompile>
    <ClCompile Include="GeneratePrantheses-22-M.h">
      <Filter>Source Files\LeetCode</Filter>
    </ClCompile>
  </ItemGroup>
  <ItemGroup>
    <ClInclude Include="inc.h">
      <Filter>Source Files\Tuts</Filter>
    </ClInclude>
    <ClInclude Include="factorial.h">
      <Filter>Source Files\Tuts</Filter>
    </ClInclude>
    <ClInclude Include="Rectangle.h">
      <Filter>Source Files\Tuts</Filter>
    </ClInclude>
    <ClInclude Include="Phone.h">
      <Filter>Source Files\Tuts</Filter>
    </ClInclude>
    <ClInclude Include="functors.h">
      <Filter>Header Files</Filter>
    </ClInclude>
    <ClInclude Include="FindDuplicateNumber-287-M.h">
      <Filter>Source Files\LeetCode</Filter>
    </ClInclude>
    <ClInclude Include="Tree.h">
      <Filter>Source Files\LeetCode</Filter>
    </ClInclude>
    <ClInclude Include="InvertTree-226-E.h">
      <Filter>Source Files\LeetCode</Filter>
    </ClInclude>
    <ClInclude Include="MaximumDepthBinaryTree-104-E.h">
      <Filter>Source Files\LeetCode</Filter>
    </ClInclude>
  </ItemGroup>
</Project>