<?xml version="1.0" encoding="utf-8"?>
<Project ToolsVersion="4.0" xmlns="http://schemas.microsoft.com/developer/msbuild/2003">
  <ItemGroup>
    <Filter Include="Source Files">
      <UniqueIdentifier>{4FC737F1-C7A5-4376-A066-2A32D752A2FF}</UniqueIdentifier>
      <Extensions>cpp;c;cc;cxx;c++;cppm;ixx;def;odl;idl;hpj;bat;asm;asmx</Extensions>
    </Filter>
    <Filter Include="Header Files">
      <UniqueIdentifier>{93995380-89BD-4b04-88EB-625FBE52EBFB}</UniqueIdentifier>
      <Extensions>h;hh;hpp;hxx;h++;hm;inl;inc;ipp;xsd</Extensions>
    </Filter>
    <Filter Include="Resource Files">
      <UniqueIdentifier>{67DA6AB6-F800-4c08-8B7A-83BB121AAD01}</UniqueIdentifier>
      <Extensions>rc;ico;cur;bmp;dlg;rc2;rct;bin;rgs;gif;jpg;jpeg;jpe;resx;tiff;tif;png;wav;mfcribbon-ms</Extensions>
    </Filter>
  </ItemGroup>
  <ItemGroup>
    <ClInclude Include="Tree.h">
      <Filter>Header Files</Filter>
    </ClInclude>
    <ClInclude Include="Medium\DecodeString-394-M.h">
      <Filter>Header Files</Filter>
    </ClInclude>
    <ClInclude Include="Medium\DecodeStringAtIndex-880-M.h">
      <Filter>Header Files</Filter>
    </ClInclude>
    <ClInclude Include="Medium\FindDuplicateNumber-287-M.h">
      <Filter>Header Files</Filter>
    </ClInclude>
    <ClInclude Include="Medium\GeneratePrantheses-22-M.h">
      <Filter>Header Files</Filter>
    </ClInclude>
    <ClInclude Include="Medium\LongestSubString-3-M.h">
      <Filter>Header Files</Filter>
    </ClInclude>
    <ClInclude Include="Medium\MinPenalty-2843-M.h">
      <Filter>Header Files</Filter>
    </ClInclude>
    <ClInclude Include="Medium\ReorgString-767-M.h">
      <Filter>Header Files</Filter>
    </ClInclude>
    <ClInclude Include="Easy\BalancedBinaryTree-110-E.h">
      <Filter>Header Files</Filter>
    </ClInclude>
    <ClInclude Include="Easy\DiameterOfBinTree-543-E.h">
      <Filter>Header Files</Filter>
    </ClInclude>
    <ClInclude Include="Easy\InvertTree-226-E.h">
      <Filter>Header Files</Filter>
    </ClInclude>
    <ClInclude Include="Easy\MaximumDepthBinaryTree-104-E.h">
      <Filter>Header Files</Filter>
    </ClInclude>
    <ClInclude Include="Medium\CountAndSay-38-M.h">
      <Filter>Header Files</Filter>
    </ClInclude>
    <ClInclude Include="Medium\CombinationSum-39-M.h">
      <Filter>Header Files</Filter>
    </ClInclude>
    <ClInclude Include="imports.h">
      <Filter>Header Files</Filter>
    </ClInclude>
    <ClInclude Include="Medium\Permutations-46-M.h">
      <Filter>Header Files</Filter>
    </ClInclude>
    <ClInclude Include="Medium\NumIslands-200-M.h">
      <Filter>Header Files</Filter>
    </ClInclude>
    <ClInclude Include="Medium\GroupAnagrams-49-M.h">
      <Filter>Header Files</Filter>
    </ClInclude>
  </ItemGroup>
  <ItemGroup>
    <ClCompile Include="main.cpp">
      <Filter>Source Files</Filter>
    </ClCompile>
  </ItemGroup>
  <ItemGroup>
    <None Include=".gitignore" />
  </ItemGroup>
</Project>